{
  "version": 4,
  "terraform_version": "1.1.8",
  "serial": 53,
  "lineage": "e94f8c1a-5dea-ad0d-d296-c5070da6009c",
  "outputs": {},
  "resources": [
    {
      "mode": "managed",
      "type": "google_folder",
      "name": "production",
      "provider": "provider[\"registry.terraform.io/hashicorp/google\"]",
      "instances": [
        {
          "schema_version": 0,
          "attributes": {
            "create_time": "2022-04-15T20:48:45.183Z",
            "display_name": "Production",
            "folder_id": "517501920048",
            "id": "folders/517501920048",
            "lifecycle_state": "ACTIVE",
            "name": "folders/517501920048",
            "parent": "organizations/828949968640",
            "timeouts": null
          },
          "sensitive_attributes": [],
          "private": "eyJlMmJmYjczMC1lY2FhLTExZTYtOGY4OC0zNDM2M2JjN2M0YzAiOnsiY3JlYXRlIjoyNDAwMDAwMDAwMDAsImRlbGV0ZSI6MjQwMDAwMDAwMDAwLCJyZWFkIjoyNDAwMDAwMDAwMDAsInVwZGF0ZSI6MjQwMDAwMDAwMDAwfX0="
        }
      ]
    },
    {
      "mode": "managed",
      "type": "google_folder",
      "name": "shared",
      "provider": "provider[\"registry.terraform.io/hashicorp/google\"]",
      "instances": [
        {
          "schema_version": 0,
          "attributes": {
            "create_time": "2022-04-15T20:48:47.390Z",
            "display_name": "Shared",
            "folder_id": "425268816293",
            "id": "folders/425268816293",
            "lifecycle_state": "ACTIVE",
            "name": "folders/425268816293",
            "parent": "organizations/828949968640",
            "timeouts": null
          },
          "sensitive_attributes": [],
          "private": "eyJlMmJmYjczMC1lY2FhLTExZTYtOGY4OC0zNDM2M2JjN2M0YzAiOnsiY3JlYXRlIjoyNDAwMDAwMDAwMDAsImRlbGV0ZSI6MjQwMDAwMDAwMDAwLCJyZWFkIjoyNDAwMDAwMDAwMDAsInVwZGF0ZSI6MjQwMDAwMDAwMDAwfX0="
        }
      ]
    },
    {
      "mode": "managed",
      "type": "google_folder",
      "name": "test",
      "provider": "provider[\"registry.terraform.io/hashicorp/google\"]",
      "instances": [
        {
          "schema_version": 0,
          "attributes": {
            "create_time": "2022-04-15T20:48:46.513Z",
            "display_name": "Test",
            "folder_id": "883556827887",
            "id": "folders/883556827887",
            "lifecycle_state": "ACTIVE",
            "name": "folders/883556827887",
            "parent": "organizations/828949968640",
            "timeouts": null
          },
          "sensitive_attributes": [],
          "private": "eyJlMmJmYjczMC1lY2FhLTExZTYtOGY4OC0zNDM2M2JjN2M0YzAiOnsiY3JlYXRlIjoyNDAwMDAwMDAwMDAsImRlbGV0ZSI6MjQwMDAwMDAwMDAwLCJyZWFkIjoyNDAwMDAwMDAwMDAsInVwZGF0ZSI6MjQwMDAwMDAwMDAwfX0="
        }
      ]
    },
    {
      "module": "module.log-nonprod-vb830-yw401.module.budget",
      "mode": "data",
      "type": "google_project",
      "name": "project",
      "provider": "provider[\"registry.terraform.io/hashicorp/google\"]",
      "instances": [
        {
          "index_key": 0,
          "schema_version": 0,
          "attributes": {
            "auto_create_network": null,
            "billing_account": "01617F-6988F1-59B0E3",
            "folder_id": "425268816293",
            "id": "projects/log-nonprod-vb830-yw401",
            "labels": {},
            "name": "logging-nonprod",
            "number": "555633948592",
            "org_id": "",
            "project_id": "log-nonprod-vb830-yw401",
            "skip_delete": null
          },
          "sensitive_attributes": []
        }
      ]
    },
    {
      "module": "module.log-nonprod-vb830-yw401.module.project-factory",
      "mode": "managed",
      "type": "google_project",
      "name": "main",
      "provider": "provider[\"registry.terraform.io/hashicorp/google\"]",
      "instances": [
        {
          "schema_version": 1,
          "attributes": {
            "auto_create_network": false,
            "billing_account": "01617F-6988F1-59B0E3",
            "folder_id": "425268816293",
            "id": "projects/log-nonprod-vb830-yw401",
            "labels": null,
            "name": "logging-nonprod",
            "number": "555633948592",
            "org_id": "",
            "project_id": "log-nonprod-vb830-yw401",
            "skip_delete": null,
            "timeouts": null
          },
          "sensitive_attributes": [],
          "private": "eyJlMmJmYjczMC1lY2FhLTExZTYtOGY4OC0zNDM2M2JjN2M0YzAiOnsiY3JlYXRlIjo2MDAwMDAwMDAwMDAsImRlbGV0ZSI6NjAwMDAwMDAwMDAwLCJyZWFkIjo2MDAwMDAwMDAwMDAsInVwZGF0ZSI6NjAwMDAwMDAwMDAwfSwic2NoZW1hX3ZlcnNpb24iOiIxIn0=",
          "dependencies": [
            "google_folder.shared",
            "module.log-nonprod-vb830-yw401.module.project-factory.random_id.random_project_id_suffix"
          ]
        }
      ]
    },
    {
      "module": "module.log-nonprod-vb830-yw401.module.project-factory",
      "mode": "managed",
      "type": "google_project_default_service_accounts",
      "name": "default_service_accounts",
      "provider": "provider[\"registry.terraform.io/hashicorp/google\"]",
      "instances": [
        {
          "index_key": 0,
          "schema_version": 0,
          "attributes": {
            "action": "DISABLE",
            "id": "projects/log-nonprod-vb830-yw401",
            "project": "log-nonprod-vb830-yw401",
            "restore_policy": "REVERT_AND_IGNORE_FAILURE",
            "service_accounts": {
              "108542417106720186736": "555633948592-compute@developer.gserviceaccount.com"
            },
            "timeouts": null
          },
          "sensitive_attributes": [],
          "private": "eyJlMmJmYjczMC1lY2FhLTExZTYtOGY4OC0zNDM2M2JjN2M0YzAiOnsiY3JlYXRlIjo2MDAwMDAwMDAwMDAsImRlbGV0ZSI6NjAwMDAwMDAwMDAwLCJyZWFkIjo2MDAwMDAwMDAwMDB9fQ==",
          "dependencies": [
            "google_folder.shared",
            "module.log-nonprod-vb830-yw401.module.project-factory.google_project.main",
            "module.log-nonprod-vb830-yw401.module.project-factory.module.project_services.data.google_compute_default_service_account.default",
            "module.log-nonprod-vb830-yw401.module.project-factory.module.project_services.google_project_iam_member.project_service_identity_roles",
            "module.log-nonprod-vb830-yw401.module.project-factory.module.project_services.google_project_service.project_services",
            "module.log-nonprod-vb830-yw401.module.project-factory.module.project_services.google_project_service_identity.project_service_identities",
            "module.log-nonprod-vb830-yw401.module.project-factory.random_id.random_project_id_suffix"
          ]
        }
      ]
    },
    {
      "module": "module.log-nonprod-vb830-yw401.module.project-factory",
      "mode": "managed",
      "type": "google_service_account",
      "name": "default_service_account",
      "provider": "provider[\"registry.terraform.io/hashicorp/google\"]",
      "instances": [
        {
          "index_key": 0,
          "schema_version": 0,
          "attributes": {
            "account_id": "project-service-account",
            "description": "",
            "disabled": false,
            "display_name": "logging-nonprod Project Service Account",
            "email": "project-service-account@log-nonprod-vb830-yw401.iam.gserviceaccount.com",
            "id": "projects/log-nonprod-vb830-yw401/serviceAccounts/project-service-account@log-nonprod-vb830-yw401.iam.gserviceaccount.com",
            "name": "projects/log-nonprod-vb830-yw401/serviceAccounts/project-service-account@log-nonprod-vb830-yw401.iam.gserviceaccount.com",
            "project": "log-nonprod-vb830-yw401",
            "timeouts": null,
            "unique_id": "116014611370204033693"
          },
          "sensitive_attributes": [],
          "private": "eyJlMmJmYjczMC1lY2FhLTExZTYtOGY4OC0zNDM2M2JjN2M0YzAiOnsiY3JlYXRlIjozMDAwMDAwMDAwMDB9fQ==",
          "dependencies": [
            "google_folder.shared",
            "module.log-nonprod-vb830-yw401.module.project-factory.google_project.main",
            "module.log-nonprod-vb830-yw401.module.project-factory.random_id.random_project_id_suffix"
          ]
        }
      ]
    },
    {
      "module": "module.log-nonprod-vb830-yw401.module.project-factory",
      "mode": "managed",
      "type": "random_id",
      "name": "random_project_id_suffix",
      "provider": "provider[\"registry.terraform.io/hashicorp/random\"]",
      "instances": [
        {
          "schema_version": 0,
          "attributes": {
            "b64_std": "BRU=",
            "b64_url": "BRU",
            "byte_length": 2,
            "dec": "1301",
            "hex": "0515",
            "id": "BRU",
            "keepers": null,
            "prefix": null
          },
          "sensitive_attributes": [],
          "private": "bnVsbA=="
        }
      ]
    },
    {
      "module": "module.log-nonprod-vb830-yw401.module.project-factory.module.project_services",
      "mode": "managed",
      "type": "google_project_service",
      "name": "project_services",
      "provider": "provider[\"registry.terraform.io/hashicorp/google\"]",
      "instances": [
        {
          "index_key": "compute.googleapis.com",
          "schema_version": 0,
          "attributes": {
            "disable_dependent_services": true,
            "disable_on_destroy": true,
            "id": "log-nonprod-vb830-yw401/compute.googleapis.com",
            "project": "log-nonprod-vb830-yw401",
            "service": "compute.googleapis.com",
            "timeouts": null
          },
          "sensitive_attributes": [],
          "private": "eyJlMmJmYjczMC1lY2FhLTExZTYtOGY4OC0zNDM2M2JjN2M0YzAiOnsiY3JlYXRlIjoxMjAwMDAwMDAwMDAwLCJkZWxldGUiOjEyMDAwMDAwMDAwMDAsInJlYWQiOjYwMDAwMDAwMDAwMCwidXBkYXRlIjoxMjAwMDAwMDAwMDAwfX0=",
          "dependencies": [
            "google_folder.shared",
            "module.log-nonprod-vb830-yw401.module.project-factory.google_project.main",
            "module.log-nonprod-vb830-yw401.module.project-factory.random_id.random_project_id_suffix"
          ]
        }
      ]
    },
    {
      "module": "module.log-prod-vb830-yw401.module.project-factory",
      "mode": "managed",
      "type": "google_compute_shared_vpc_host_project",
      "name": "shared_vpc_host",
      "provider": "provider[\"registry.terraform.io/hashicorp/google-beta\"]",
      "instances": []
    },
    {
      "module": "module.log-prod-vb830-yw401.module.project-factory",
      "mode": "managed",
      "type": "google_compute_shared_vpc_service_project",
      "name": "shared_vpc_attachment",
      "provider": "provider[\"registry.terraform.io/hashicorp/google-beta\"]",
      "instances": []
    },
    {
      "module": "module.log-prod-vb830-yw401.module.project-factory",
      "mode": "managed",
      "type": "google_project",
      "name": "main",
      "provider": "provider[\"registry.terraform.io/hashicorp/google\"]",
      "instances": [
        {
          "status": "tainted",
          "schema_version": 1,
          "attributes": {
            "auto_create_network": false,
            "billing_account": "",
            "folder_id": "425268816293",
            "id": "projects/log-prod-vb830-yw401",
            "labels": null,
            "name": "logging-prod",
            "number": null,
            "org_id": null,
            "project_id": "log-prod-vb830-yw401",
            "skip_delete": null,
            "timeouts": null
          },
          "sensitive_attributes": [],
          "private": "eyJlMmJmYjczMC1lY2FhLTExZTYtOGY4OC0zNDM2M2JjN2M0YzAiOnsiY3JlYXRlIjo2MDAwMDAwMDAwMDAsImRlbGV0ZSI6NjAwMDAwMDAwMDAwLCJyZWFkIjo2MDAwMDAwMDAwMDAsInVwZGF0ZSI6NjAwMDAwMDAwMDAwfSwic2NoZW1hX3ZlcnNpb24iOiIxIn0=",
          "dependencies": [
            "google_folder.shared",
            "module.log-prod-vb830-yw401.module.project-factory.random_id.random_project_id_suffix"
          ]
        }
      ]
    },
    {
      "module": "module.log-prod-vb830-yw401.module.project-factory",
      "mode": "managed",
      "type": "google_project_default_service_accounts",
      "name": "default_service_accounts",
      "provider": "provider[\"registry.terraform.io/hashicorp/google\"]",
      "instances": []
    },
    {
      "module": "module.log-prod-vb830-yw401.module.project-factory",
      "mode": "managed",
      "type": "google_service_account",
      "name": "default_service_account",
      "provider": "provider[\"registry.terraform.io/hashicorp/google\"]",
      "instances": []
    },
    {
      "module": "module.log-prod-vb830-yw401.module.project-factory",
      "mode": "managed",
      "type": "random_id",
      "name": "random_project_id_suffix",
      "provider": "provider[\"registry.terraform.io/hashicorp/random\"]",
      "instances": [
        {
          "schema_version": 0,
          "attributes": {
            "b64_std": "cks=",
            "b64_url": "cks",
            "byte_length": 2,
            "dec": "29259",
            "hex": "724b",
            "id": "cks",
            "keepers": null,
            "prefix": null
          },
          "sensitive_attributes": [],
          "private": "bnVsbA=="
        }
      ]
    },
    {
      "module": "module.log-prod-vb830-yw401.module.project-factory.module.project_services",
      "mode": "managed",
      "type": "google_project_service",
      "name": "project_services",
      "provider": "provider[\"registry.terraform.io/hashicorp/google\"]",
      "instances": []
    },
    {
      "module": "module.log-prod-vb830-yw401.module.project-factory.module.project_services",
      "mode": "managed",
      "type": "google_project_service_identity",
      "name": "project_service_identities",
      "provider": "provider[\"registry.terraform.io/hashicorp/google-beta\"]",
      "instances": []
    },
    {
      "module": "module.mon-nonprod-vb830-yw401.module.budget",
      "mode": "data",
      "type": "google_project",
      "name": "project",
      "provider": "provider[\"registry.terraform.io/hashicorp/google\"]",
      "instances": [
        {
          "index_key": 0,
          "schema_version": 0,
          "attributes": {
            "auto_create_network": null,
            "billing_account": "01617F-6988F1-59B0E3",
            "folder_id": "425268816293",
            "id": "projects/mon-nonprod-vb830-yw401",
            "labels": {},
            "name": "monitoring-nonprod",
            "number": "169199361257",
            "org_id": "",
            "project_id": "mon-nonprod-vb830-yw401",
            "skip_delete": null
          },
          "sensitive_attributes": []
        }
      ]
    },
    {
      "module": "module.mon-nonprod-vb830-yw401.module.project-factory",
      "mode": "managed",
      "type": "google_project",
      "name": "main",
      "provider": "provider[\"registry.terraform.io/hashicorp/google\"]",
      "instances": [
        {
          "schema_version": 1,
          "attributes": {
            "auto_create_network": false,
            "billing_account": "01617F-6988F1-59B0E3",
            "folder_id": "425268816293",
            "id": "projects/mon-nonprod-vb830-yw401",
            "labels": null,
            "name": "monitoring-nonprod",
            "number": "169199361257",
            "org_id": "",
            "project_id": "mon-nonprod-vb830-yw401",
            "skip_delete": null,
            "timeouts": null
          },
          "sensitive_attributes": [],
          "private": "eyJlMmJmYjczMC1lY2FhLTExZTYtOGY4OC0zNDM2M2JjN2M0YzAiOnsiY3JlYXRlIjo2MDAwMDAwMDAwMDAsImRlbGV0ZSI6NjAwMDAwMDAwMDAwLCJyZWFkIjo2MDAwMDAwMDAwMDAsInVwZGF0ZSI6NjAwMDAwMDAwMDAwfSwic2NoZW1hX3ZlcnNpb24iOiIxIn0=",
          "dependencies": [
            "google_folder.shared",
            "module.mon-nonprod-vb830-yw401.module.project-factory.random_id.random_project_id_suffix"
          ]
        }
      ]
    },
    {
      "module": "module.mon-nonprod-vb830-yw401.module.project-factory",
      "mode": "managed",
      "type": "google_project_default_service_accounts",
      "name": "default_service_accounts",
      "provider": "provider[\"registry.terraform.io/hashicorp/google\"]",
      "instances": [
        {
          "index_key": 0,
          "schema_version": 0,
          "attributes": {
            "action": "DISABLE",
            "id": "projects/mon-nonprod-vb830-yw401",
            "project": "mon-nonprod-vb830-yw401",
            "restore_policy": "REVERT_AND_IGNORE_FAILURE",
            "service_accounts": {
              "112759542789224971777": "169199361257-compute@developer.gserviceaccount.com"
            },
            "timeouts": null
          },
          "sensitive_attributes": [],
          "private": "eyJlMmJmYjczMC1lY2FhLTExZTYtOGY4OC0zNDM2M2JjN2M0YzAiOnsiY3JlYXRlIjo2MDAwMDAwMDAwMDAsImRlbGV0ZSI6NjAwMDAwMDAwMDAwLCJyZWFkIjo2MDAwMDAwMDAwMDB9fQ==",
          "dependencies": [
            "google_folder.shared",
            "module.mon-nonprod-vb830-yw401.module.project-factory.google_project.main",
            "module.mon-nonprod-vb830-yw401.module.project-factory.module.project_services.data.google_compute_default_service_account.default",
            "module.mon-nonprod-vb830-yw401.module.project-factory.module.project_services.google_project_iam_member.project_service_identity_roles",
            "module.mon-nonprod-vb830-yw401.module.project-factory.module.project_services.google_project_service.project_services",
            "module.mon-nonprod-vb830-yw401.module.project-factory.module.project_services.google_project_service_identity.project_service_identities",
            "module.mon-nonprod-vb830-yw401.module.project-factory.random_id.random_project_id_suffix"
          ]
        }
      ]
    },
    {
      "module": "module.mon-nonprod-vb830-yw401.module.project-factory",
      "mode": "managed",
      "type": "google_service_account",
      "name": "default_service_account",
      "provider": "provider[\"registry.terraform.io/hashicorp/google\"]",
      "instances": [
        {
          "index_key": 0,
          "schema_version": 0,
          "attributes": {
            "account_id": "project-service-account",
            "description": "",
            "disabled": false,
            "display_name": "monitoring-nonprod Project Service Account",
            "email": "project-service-account@mon-nonprod-vb830-yw401.iam.gserviceaccount.com",
            "id": "projects/mon-nonprod-vb830-yw401/serviceAccounts/project-service-account@mon-nonprod-vb830-yw401.iam.gserviceaccount.com",
            "name": "projects/mon-nonprod-vb830-yw401/serviceAccounts/project-service-account@mon-nonprod-vb830-yw401.iam.gserviceaccount.com",
            "project": "mon-nonprod-vb830-yw401",
            "timeouts": null,
            "unique_id": "104352131900210214451"
          },
          "sensitive_attributes": [],
          "private": "eyJlMmJmYjczMC1lY2FhLTExZTYtOGY4OC0zNDM2M2JjN2M0YzAiOnsiY3JlYXRlIjozMDAwMDAwMDAwMDB9fQ==",
          "dependencies": [
            "google_folder.shared",
            "module.mon-nonprod-vb830-yw401.module.project-factory.google_project.main",
            "module.mon-nonprod-vb830-yw401.module.project-factory.random_id.random_project_id_suffix"
          ]
        }
      ]
    },
    {
      "module": "module.mon-nonprod-vb830-yw401.module.project-factory",
      "mode": "managed",
      "type": "random_id",
      "name": "random_project_id_suffix",
      "provider": "provider[\"registry.terraform.io/hashicorp/random\"]",
      "instances": [
        {
          "schema_version": 0,
          "attributes": {
            "b64_std": "vHk=",
            "b64_url": "vHk",
            "byte_length": 2,
            "dec": "48249",
            "hex": "bc79",
            "id": "vHk",
            "keepers": null,
            "prefix": null
          },
          "sensitive_attributes": [],
          "private": "bnVsbA=="
        }
      ]
    },
    {
      "module": "module.mon-nonprod-vb830-yw401.module.project-factory.module.project_services",
      "mode": "managed",
      "type": "google_project_service",
      "name": "project_services",
      "provider": "provider[\"registry.terraform.io/hashicorp/google\"]",
      "instances": [
        {
          "index_key": "compute.googleapis.com",
          "schema_version": 0,
          "attributes": {
            "disable_dependent_services": true,
            "disable_on_destroy": true,
            "id": "mon-nonprod-vb830-yw401/compute.googleapis.com",
            "project": "mon-nonprod-vb830-yw401",
            "service": "compute.googleapis.com",
            "timeouts": null
          },
          "sensitive_attributes": [],
          "private": "eyJlMmJmYjczMC1lY2FhLTExZTYtOGY4OC0zNDM2M2JjN2M0YzAiOnsiY3JlYXRlIjoxMjAwMDAwMDAwMDAwLCJkZWxldGUiOjEyMDAwMDAwMDAwMDAsInJlYWQiOjYwMDAwMDAwMDAwMCwidXBkYXRlIjoxMjAwMDAwMDAwMDAwfX0=",
          "dependencies": [
            "google_folder.shared",
            "module.mon-nonprod-vb830-yw401.module.project-factory.google_project.main",
            "module.mon-nonprod-vb830-yw401.module.project-factory.random_id.random_project_id_suffix"
          ]
        }
      ]
    },
    {
      "module": "module.mon-prod-vb830-yw401.module.project-factory",
      "mode": "managed",
      "type": "google_compute_shared_vpc_host_project",
      "name": "shared_vpc_host",
      "provider": "provider[\"registry.terraform.io/hashicorp/google-beta\"]",
      "instances": []
    },
    {
      "module": "module.mon-prod-vb830-yw401.module.project-factory",
      "mode": "managed",
      "type": "google_compute_shared_vpc_service_project",
      "name": "shared_vpc_attachment",
      "provider": "provider[\"registry.terraform.io/hashicorp/google-beta\"]",
      "instances": []
    },
    {
      "module": "module.mon-prod-vb830-yw401.module.project-factory",
      "mode": "managed",
      "type": "google_project",
      "name": "main",
      "provider": "provider[\"registry.terraform.io/hashicorp/google\"]",
      "instances": [
        {
          "status": "tainted",
          "schema_version": 1,
          "attributes": {
            "auto_create_network": false,
            "billing_account": "",
            "folder_id": "425268816293",
            "id": "projects/mon-prod-vb830-yw401",
            "labels": null,
            "name": "monitoring-prod",
            "number": null,
            "org_id": null,
            "project_id": "mon-prod-vb830-yw401",
            "skip_delete": null,
            "timeouts": null
          },
          "sensitive_attributes": [],
          "private": "eyJlMmJmYjczMC1lY2FhLTExZTYtOGY4OC0zNDM2M2JjN2M0YzAiOnsiY3JlYXRlIjo2MDAwMDAwMDAwMDAsImRlbGV0ZSI6NjAwMDAwMDAwMDAwLCJyZWFkIjo2MDAwMDAwMDAwMDAsInVwZGF0ZSI6NjAwMDAwMDAwMDAwfSwic2NoZW1hX3ZlcnNpb24iOiIxIn0=",
          "dependencies": [
            "google_folder.shared",
            "module.mon-prod-vb830-yw401.module.project-factory.random_id.random_project_id_suffix"
          ]
        }
      ]
    },
    {
      "module": "module.mon-prod-vb830-yw401.module.project-factory",
      "mode": "managed",
      "type": "google_project_default_service_accounts",
      "name": "default_service_accounts",
      "provider": "provider[\"registry.terraform.io/hashicorp/google\"]",
      "instances": []
    },
    {
      "module": "module.mon-prod-vb830-yw401.module.project-factory",
      "mode": "managed",
      "type": "google_service_account",
      "name": "default_service_account",
      "provider": "provider[\"registry.terraform.io/hashicorp/google\"]",
      "instances": []
    },
    {
      "module": "module.mon-prod-vb830-yw401.module.project-factory",
      "mode": "managed",
      "type": "random_id",
      "name": "random_project_id_suffix",
      "provider": "provider[\"registry.terraform.io/hashicorp/random\"]",
      "instances": [
        {
          "schema_version": 0,
          "attributes": {
            "b64_std": "GGc=",
            "b64_url": "GGc",
            "byte_length": 2,
            "dec": "6247",
            "hex": "1867",
            "id": "GGc",
            "keepers": null,
            "prefix": null
          },
          "sensitive_attributes": [],
          "private": "bnVsbA=="
        }
      ]
    },
    {
      "module": "module.mon-prod-vb830-yw401.module.project-factory.module.project_services",
      "mode": "managed",
      "type": "google_project_service",
      "name": "project_services",
      "provider": "provider[\"registry.terraform.io/hashicorp/google\"]",
      "instances": []
    },
    {
      "module": "module.mon-prod-vb830-yw401.module.project-factory.module.project_services",
      "mode": "managed",
      "type": "google_project_service_identity",
      "name": "project_service_identities",
      "provider": "provider[\"registry.terraform.io/hashicorp/google-beta\"]",
      "instances": []
    },
    {
      "module": "module.organization-iam",
      "mode": "managed",
      "type": "google_organization_iam_member",
      "name": "organization_iam_additive",
      "provider": "provider[\"registry.terraform.io/hashicorp/google\"]",
      "instances": [
        {
          "index_key": "default--roles/bigquery.dataViewer--group:gcp-security-admins@maximecharland.dev",
          "schema_version": 0,
          "attributes": {
            "condition": [],
            "etag": "BwXct41wMWE=",
            "id": "828949968640/roles/bigquery.dataViewer/group:gcp-security-admins@maximecharland.dev",
            "member": "group:gcp-security-admins@maximecharland.dev",
            "org_id": "828949968640",
            "role": "roles/bigquery.dataViewer"
          },
          "sensitive_attributes": [],
          "private": "bnVsbA=="
        },
        {
          "index_key": "default--roles/billing.admin--group:gcp-billing-admins@maximecharland.dev",
          "schema_version": 0,
          "attributes": {
            "condition": [],
            "etag": "BwXct4vgH4w=",
            "id": "828949968640/roles/billing.admin/group:gcp-billing-admins@maximecharland.dev",
            "member": "group:gcp-billing-admins@maximecharland.dev",
            "org_id": "828949968640",
            "role": "roles/billing.admin"
          },
          "sensitive_attributes": [],
          "private": "bnVsbA=="
        },
        {
          "index_key": "default--roles/compute.networkAdmin--group:gcp-network-admins@maximecharland.dev",
          "schema_version": 0,
          "attributes": {
            "condition": [],
            "etag": "BwXct4xoMhI=",
            "id": "828949968640/roles/compute.networkAdmin/group:gcp-network-admins@maximecharland.dev",
            "member": "group:gcp-network-admins@maximecharland.dev",
            "org_id": "828949968640",
            "role": "roles/compute.networkAdmin"
          },
          "sensitive_attributes": [],
          "private": "bnVsbA=="
        },
        {
          "index_key": "default--roles/compute.securityAdmin--group:gcp-network-admins@maximecharland.dev",
          "schema_version": 0,
          "attributes": {
            "condition": [],
            "etag": "BwXct4vgH4w=",
            "id": "828949968640/roles/compute.securityAdmin/group:gcp-network-admins@maximecharland.dev",
            "member": "group:gcp-network-admins@maximecharland.dev",
            "org_id": "828949968640",
            "role": "roles/compute.securityAdmin"
          },
          "sensitive_attributes": [],
          "private": "bnVsbA=="
        },
        {
          "index_key": "default--roles/compute.viewer--group:gcp-security-admins@maximecharland.dev",
          "schema_version": 0,
          "attributes": {
            "condition": [],
            "etag": "BwXct4rZdKk=",
            "id": "828949968640/roles/compute.viewer/group:gcp-security-admins@maximecharland.dev",
            "member": "group:gcp-security-admins@maximecharland.dev",
            "org_id": "828949968640",
            "role": "roles/compute.viewer"
          },
          "sensitive_attributes": [],
          "private": "bnVsbA=="
        },
        {
          "index_key": "default--roles/compute.xpnAdmin--group:gcp-network-admins@maximecharland.dev",
          "schema_version": 0,
          "attributes": {
            "condition": [],
            "etag": "BwXct4vgH4w=",
            "id": "828949968640/roles/compute.xpnAdmin/group:gcp-network-admins@maximecharland.dev",
            "member": "group:gcp-network-admins@maximecharland.dev",
            "org_id": "828949968640",
            "role": "roles/compute.xpnAdmin"
          },
          "sensitive_attributes": [],
          "private": "bnVsbA=="
        },
        {
          "index_key": "default--roles/container.viewer--group:gcp-security-admins@maximecharland.dev",
          "schema_version": 0,
          "attributes": {
            "condition": [],
            "etag": "BwXct41wMWE=",
            "id": "828949968640/roles/container.viewer/group:gcp-security-admins@maximecharland.dev",
            "member": "group:gcp-security-admins@maximecharland.dev",
            "org_id": "828949968640",
            "role": "roles/container.viewer"
          },
          "sensitive_attributes": [],
          "private": "bnVsbA=="
        },
        {
          "index_key": "default--roles/iam.organizationRoleViewer--group:gcp-security-admins@maximecharland.dev",
          "schema_version": 0,
          "attributes": {
            "condition": [],
            "etag": "BwXct4rZdKk=",
            "id": "828949968640/roles/iam.organizationRoleViewer/group:gcp-security-admins@maximecharland.dev",
            "member": "group:gcp-security-admins@maximecharland.dev",
            "org_id": "828949968640",
            "role": "roles/iam.organizationRoleViewer"
          },
          "sensitive_attributes": [],
          "private": "bnVsbA=="
        },
        {
          "index_key": "default--roles/iam.securityReviewer--group:gcp-security-admins@maximecharland.dev",
          "schema_version": 0,
          "attributes": {
            "condition": [],
            "etag": "BwXct4xoMhI=",
            "id": "828949968640/roles/iam.securityReviewer/group:gcp-security-admins@maximecharland.dev",
            "member": "group:gcp-security-admins@maximecharland.dev",
            "org_id": "828949968640",
            "role": "roles/iam.securityReviewer"
          },
          "sensitive_attributes": [],
          "private": "bnVsbA=="
        },
        {
          "index_key": "default--roles/logging.configWriter--group:gcp-security-admins@maximecharland.dev",
          "schema_version": 0,
          "attributes": {
            "condition": [],
            "etag": "BwXct4xoMhI=",
            "id": "828949968640/roles/logging.configWriter/group:gcp-security-admins@maximecharland.dev",
            "member": "group:gcp-security-admins@maximecharland.dev",
            "org_id": "828949968640",
            "role": "roles/logging.configWriter"
          },
          "sensitive_attributes": [],
          "private": "bnVsbA=="
        },
        {
          "index_key": "default--roles/logging.privateLogViewer--group:gcp-security-admins@maximecharland.dev",
          "schema_version": 0,
          "attributes": {
            "condition": [],
            "etag": "BwXct41wMWE=",
            "id": "828949968640/roles/logging.privateLogViewer/group:gcp-security-admins@maximecharland.dev",
            "member": "group:gcp-security-admins@maximecharland.dev",
            "org_id": "828949968640",
            "role": "roles/logging.privateLogViewer"
          },
          "sensitive_attributes": [],
          "private": "bnVsbA=="
        },
        {
          "index_key": "default--roles/orgpolicy.policyAdmin--group:gcp-security-admins@maximecharland.dev",
          "schema_version": 0,
          "attributes": {
            "condition": [],
            "etag": "BwXct41wMWE=",
            "id": "828949968640/roles/orgpolicy.policyAdmin/group:gcp-security-admins@maximecharland.dev",
            "member": "group:gcp-security-admins@maximecharland.dev",
            "org_id": "828949968640",
            "role": "roles/orgpolicy.policyAdmin"
          },
          "sensitive_attributes": [],
          "private": "bnVsbA=="
        },
        {
          "index_key": "default--roles/orgpolicy.policyViewer--group:gcp-security-admins@maximecharland.dev",
          "schema_version": 0,
          "attributes": {
            "condition": [],
            "etag": "BwXct4nQV7Y=",
            "id": "828949968640/roles/orgpolicy.policyViewer/group:gcp-security-admins@maximecharland.dev",
            "member": "group:gcp-security-admins@maximecharland.dev",
            "org_id": "828949968640",
            "role": "roles/orgpolicy.policyViewer"
          },
          "sensitive_attributes": [],
          "private": "bnVsbA=="
        },
        {
          "index_key": "default--roles/resourcemanager.folderIamAdmin--group:gcp-security-admins@maximecharland.dev",
          "schema_version": 0,
          "attributes": {
            "condition": [],
            "etag": "BwXct41wMWE=",
            "id": "828949968640/roles/resourcemanager.folderIamAdmin/group:gcp-security-admins@maximecharland.dev",
            "member": "group:gcp-security-admins@maximecharland.dev",
            "org_id": "828949968640",
            "role": "roles/resourcemanager.folderIamAdmin"
          },
          "sensitive_attributes": [],
          "private": "bnVsbA=="
        },
        {
          "index_key": "default--roles/resourcemanager.folderViewer--group:gcp-devops@maximecharland.dev",
          "schema_version": 0,
          "attributes": {
            "condition": [],
            "etag": "BwXct4xoMhI=",
            "id": "828949968640/roles/resourcemanager.folderViewer/group:gcp-devops@maximecharland.dev",
            "member": "group:gcp-devops@maximecharland.dev",
            "org_id": "828949968640",
            "role": "roles/resourcemanager.folderViewer"
          },
          "sensitive_attributes": [],
          "private": "bnVsbA=="
        },
        {
          "index_key": "default--roles/resourcemanager.organizationAdmin--group:gcp-organization-admins@maximecharland.dev",
          "schema_version": 0,
          "attributes": {
            "condition": [],
            "etag": "BwXct41wMWE=",
            "id": "828949968640/roles/resourcemanager.organizationAdmin/group:gcp-organization-admins@maximecharland.dev",
            "member": "group:gcp-organization-admins@maximecharland.dev",
            "org_id": "828949968640",
            "role": "roles/resourcemanager.organizationAdmin"
          },
          "sensitive_attributes": [],
          "private": "bnVsbA=="
        },
        {
          "index_key": "default--roles/securitycenter.admin--group:gcp-security-admins@maximecharland.dev",
          "schema_version": 0,
          "attributes": {
            "condition": [],
            "etag": "BwXct4vgH4w=",
            "id": "828949968640/roles/securitycenter.admin/group:gcp-security-admins@maximecharland.dev",
            "member": "group:gcp-security-admins@maximecharland.dev",
            "org_id": "828949968640",
            "role": "roles/securitycenter.admin"
          },
          "sensitive_attributes": [],
          "private": "bnVsbA=="
        }
      ]
    },
    {
      "module": "module.production-iam",
      "mode": "managed",
      "type": "google_folder_iam_member",
      "name": "folder_iam_additive",
      "provider": "provider[\"registry.terraform.io/hashicorp/google\"]",
      "instances": [
        {
          "index_key": "default--roles/compute.admin--group:gcp-devops@maximecharland.dev",
          "schema_version": 0,
          "attributes": {
            "condition": [],
            "etag": "BwXct476l+Q=",
            "folder": "folders/517501920048",
            "id": "folders/517501920048/roles/compute.admin/group:gcp-devops@maximecharland.dev",
            "member": "group:gcp-devops@maximecharland.dev",
            "role": "roles/compute.admin"
          },
          "sensitive_attributes": [],
          "private": "bnVsbA==",
          "dependencies": [
            "google_folder.production"
          ]
        },
        {
          "index_key": "default--roles/container.admin--group:gcp-devops@maximecharland.dev",
          "schema_version": 0,
          "attributes": {
            "condition": [],
            "etag": "BwXct476l+Q=",
            "folder": "folders/517501920048",
            "id": "folders/517501920048/roles/container.admin/group:gcp-devops@maximecharland.dev",
            "member": "group:gcp-devops@maximecharland.dev",
            "role": "roles/container.admin"
          },
          "sensitive_attributes": [],
          "private": "bnVsbA==",
          "dependencies": [
            "google_folder.production"
          ]
        },
        {
          "index_key": "default--roles/errorreporting.admin--group:gcp-devops@maximecharland.dev",
          "schema_version": 0,
          "attributes": {
            "condition": [],
            "etag": "BwXct476l+Q=",
            "folder": "folders/517501920048",
            "id": "folders/517501920048/roles/errorreporting.admin/group:gcp-devops@maximecharland.dev",
            "member": "group:gcp-devops@maximecharland.dev",
            "role": "roles/errorreporting.admin"
          },
          "sensitive_attributes": [],
          "private": "bnVsbA==",
          "dependencies": [
            "google_folder.production"
          ]
        },
        {
          "index_key": "default--roles/logging.admin--group:gcp-devops@maximecharland.dev",
          "schema_version": 0,
          "attributes": {
            "condition": [],
            "etag": "BwXct476l+Q=",
            "folder": "folders/517501920048",
            "id": "folders/517501920048/roles/logging.admin/group:gcp-devops@maximecharland.dev",
            "member": "group:gcp-devops@maximecharland.dev",
            "role": "roles/logging.admin"
          },
          "sensitive_attributes": [],
          "private": "bnVsbA==",
          "dependencies": [
            "google_folder.production"
          ]
        },
        {
          "index_key": "default--roles/monitoring.admin--group:gcp-devops@maximecharland.dev",
          "schema_version": 0,
          "attributes": {
            "condition": [],
            "etag": "BwXct476l+Q=",
            "folder": "folders/517501920048",
            "id": "folders/517501920048/roles/monitoring.admin/group:gcp-devops@maximecharland.dev",
            "member": "group:gcp-devops@maximecharland.dev",
            "role": "roles/monitoring.admin"
          },
          "sensitive_attributes": [],
          "private": "bnVsbA==",
          "dependencies": [
            "google_folder.production"
          ]
        },
        {
          "index_key": "default--roles/servicemanagement.quotaAdmin--group:gcp-devops@maximecharland.dev",
          "schema_version": 0,
          "attributes": {
            "condition": [],
            "etag": "BwXct466fdE=",
            "folder": "folders/517501920048",
            "id": "folders/517501920048/roles/servicemanagement.quotaAdmin/group:gcp-devops@maximecharland.dev",
            "member": "group:gcp-devops@maximecharland.dev",
            "role": "roles/servicemanagement.quotaAdmin"
          },
          "sensitive_attributes": [],
          "private": "bnVsbA==",
          "dependencies": [
            "google_folder.production"
          ]
        }
      ]
    },
    {
      "module": "module.test-iam",
      "mode": "managed",
      "type": "google_folder_iam_member",
      "name": "folder_iam_additive",
      "provider": "provider[\"registry.terraform.io/hashicorp/google\"]",
      "instances": [
        {
          "index_key": "default--roles/compute.admin--group:gcp-developers@maximecharland.dev",
          "schema_version": 0,
          "attributes": {
            "condition": [],
            "etag": "BwXct4619VM=",
            "folder": "folders/883556827887",
            "id": "folders/883556827887/roles/compute.admin/group:gcp-developers@maximecharland.dev",
            "member": "group:gcp-developers@maximecharland.dev",
            "role": "roles/compute.admin"
          },
          "sensitive_attributes": [],
          "private": "bnVsbA==",
          "dependencies": [
            "google_folder.test"
          ]
        },
        {
          "index_key": "default--roles/container.admin--group:gcp-developers@maximecharland.dev",
          "schema_version": 0,
          "attributes": {
            "condition": [],
            "etag": "BwXct45v3vs=",
            "folder": "folders/883556827887",
            "id": "folders/883556827887/roles/container.admin/group:gcp-developers@maximecharland.dev",
            "member": "group:gcp-developers@maximecharland.dev",
            "role": "roles/container.admin"
          },
          "sensitive_attributes": [],
          "private": "bnVsbA==",
          "dependencies": [
            "google_folder.test"
          ]
        }
      ]
    },
    {
      "module": "module.vpc-nonprod-vb830-yw401.module.budget",
      "mode": "data",
      "type": "google_project",
      "name": "project",
      "provider": "provider[\"registry.terraform.io/hashicorp/google\"]",
      "instances": [
        {
          "index_key": 0,
          "schema_version": 0,
          "attributes": {
            "auto_create_network": null,
            "billing_account": "01617F-6988F1-59B0E3",
            "folder_id": "425268816293",
            "id": "projects/vpc-nonprod-vb830-yw401",
            "labels": {},
            "name": "vpc-host-nonprod",
            "number": "402941968785",
            "org_id": "",
            "project_id": "vpc-nonprod-vb830-yw401",
            "skip_delete": null
          },
          "sensitive_attributes": []
        }
      ]
    },
    {
      "module": "module.vpc-nonprod-vb830-yw401.module.project-factory",
      "mode": "managed",
      "type": "google_project",
      "name": "main",
      "provider": "provider[\"registry.terraform.io/hashicorp/google\"]",
      "instances": [
        {
          "schema_version": 1,
          "attributes": {
            "auto_create_network": false,
            "billing_account": "01617F-6988F1-59B0E3",
            "folder_id": "425268816293",
            "id": "projects/vpc-nonprod-vb830-yw401",
            "labels": null,
            "name": "vpc-host-nonprod",
            "number": "402941968785",
            "org_id": "",
            "project_id": "vpc-nonprod-vb830-yw401",
            "skip_delete": null,
            "timeouts": null
          },
          "sensitive_attributes": [],
          "private": "eyJlMmJmYjczMC1lY2FhLTExZTYtOGY4OC0zNDM2M2JjN2M0YzAiOnsiY3JlYXRlIjo2MDAwMDAwMDAwMDAsImRlbGV0ZSI6NjAwMDAwMDAwMDAwLCJyZWFkIjo2MDAwMDAwMDAwMDAsInVwZGF0ZSI6NjAwMDAwMDAwMDAwfSwic2NoZW1hX3ZlcnNpb24iOiIxIn0=",
          "dependencies": [
            "google_folder.shared",
            "module.vpc-nonprod-vb830-yw401.module.project-factory.random_id.random_project_id_suffix"
          ]
        }
      ]
    },
    {
      "module": "module.vpc-nonprod-vb830-yw401.module.project-factory",
      "mode": "managed",
      "type": "google_project_default_service_accounts",
      "name": "default_service_accounts",
      "provider": "provider[\"registry.terraform.io/hashicorp/google\"]",
      "instances": [
        {
          "index_key": 0,
          "schema_version": 0,
          "attributes": {
            "action": "DISABLE",
            "id": "projects/vpc-nonprod-vb830-yw401",
            "project": "vpc-nonprod-vb830-yw401",
            "restore_policy": "REVERT_AND_IGNORE_FAILURE",
            "service_accounts": {
              "117198632386059794001": "402941968785-compute@developer.gserviceaccount.com"
            },
            "timeouts": null
          },
          "sensitive_attributes": [],
          "private": "eyJlMmJmYjczMC1lY2FhLTExZTYtOGY4OC0zNDM2M2JjN2M0YzAiOnsiY3JlYXRlIjo2MDAwMDAwMDAwMDAsImRlbGV0ZSI6NjAwMDAwMDAwMDAwLCJyZWFkIjo2MDAwMDAwMDAwMDB9fQ==",
          "dependencies": [
            "google_folder.shared",
            "module.vpc-nonprod-vb830-yw401.module.project-factory.google_project.main",
            "module.vpc-nonprod-vb830-yw401.module.project-factory.module.project_services.data.google_compute_default_service_account.default",
            "module.vpc-nonprod-vb830-yw401.module.project-factory.module.project_services.google_project_iam_member.project_service_identity_roles",
            "module.vpc-nonprod-vb830-yw401.module.project-factory.module.project_services.google_project_service.project_services",
            "module.vpc-nonprod-vb830-yw401.module.project-factory.module.project_services.google_project_service_identity.project_service_identities",
            "module.vpc-nonprod-vb830-yw401.module.project-factory.random_id.random_project_id_suffix"
          ]
        }
      ]
    },
    {
      "module": "module.vpc-nonprod-vb830-yw401.module.project-factory",
      "mode": "managed",
      "type": "google_service_account",
      "name": "default_service_account",
      "provider": "provider[\"registry.terraform.io/hashicorp/google\"]",
      "instances": [
        {
          "index_key": 0,
          "schema_version": 0,
          "attributes": {
            "account_id": "project-service-account",
            "description": "",
            "disabled": false,
            "display_name": "vpc-host-nonprod Project Service Account",
            "email": "project-service-account@vpc-nonprod-vb830-yw401.iam.gserviceaccount.com",
            "id": "projects/vpc-nonprod-vb830-yw401/serviceAccounts/project-service-account@vpc-nonprod-vb830-yw401.iam.gserviceaccount.com",
            "name": "projects/vpc-nonprod-vb830-yw401/serviceAccounts/project-service-account@vpc-nonprod-vb830-yw401.iam.gserviceaccount.com",
            "project": "vpc-nonprod-vb830-yw401",
            "timeouts": null,
            "unique_id": "102040004166417170635"
          },
          "sensitive_attributes": [],
          "private": "eyJlMmJmYjczMC1lY2FhLTExZTYtOGY4OC0zNDM2M2JjN2M0YzAiOnsiY3JlYXRlIjozMDAwMDAwMDAwMDB9fQ==",
          "dependencies": [
            "google_folder.shared",
            "module.vpc-nonprod-vb830-yw401.module.project-factory.google_project.main",
            "module.vpc-nonprod-vb830-yw401.module.project-factory.random_id.random_project_id_suffix"
          ]
        }
      ]
    },
    {
      "module": "module.vpc-nonprod-vb830-yw401.module.project-factory",
      "mode": "managed",
      "type": "random_id",
      "name": "random_project_id_suffix",
      "provider": "provider[\"registry.terraform.io/hashicorp/random\"]",
      "instances": [
        {
          "schema_version": 0,
          "attributes": {
            "b64_std": "CTY=",
            "b64_url": "CTY",
            "byte_length": 2,
            "dec": "2358",
            "hex": "0936",
            "id": "CTY",
            "keepers": null,
            "prefix": null
          },
          "sensitive_attributes": [],
          "private": "bnVsbA=="
        }
      ]
    },
    {
      "module": "module.vpc-nonprod-vb830-yw401.module.project-factory.module.project_services",
      "mode": "managed",
      "type": "google_project_service",
      "name": "project_services",
      "provider": "provider[\"registry.terraform.io/hashicorp/google\"]",
      "instances": [
        {
          "index_key": "compute.googleapis.com",
          "schema_version": 0,
          "attributes": {
            "disable_dependent_services": true,
            "disable_on_destroy": true,
            "id": "vpc-nonprod-vb830-yw401/compute.googleapis.com",
            "project": "vpc-nonprod-vb830-yw401",
            "service": "compute.googleapis.com",
            "timeouts": null
          },
          "sensitive_attributes": [],
          "private": "eyJlMmJmYjczMC1lY2FhLTExZTYtOGY4OC0zNDM2M2JjN2M0YzAiOnsiY3JlYXRlIjoxMjAwMDAwMDAwMDAwLCJkZWxldGUiOjEyMDAwMDAwMDAwMDAsInJlYWQiOjYwMDAwMDAwMDAwMCwidXBkYXRlIjoxMjAwMDAwMDAwMDAwfX0=",
          "dependencies": [
            "google_folder.shared",
            "module.vpc-nonprod-vb830-yw401.module.project-factory.google_project.main",
            "module.vpc-nonprod-vb830-yw401.module.project-factory.random_id.random_project_id_suffix"
          ]
        }
      ]
    },
    {
      "module": "module.vpc-prod-vb830-yw401.module.project-factory",
      "mode": "managed",
      "type": "google_compute_shared_vpc_host_project",
      "name": "shared_vpc_host",
      "provider": "provider[\"registry.terraform.io/hashicorp/google-beta\"]",
      "instances": []
    },
    {
      "module": "module.vpc-prod-vb830-yw401.module.project-factory",
      "mode": "managed",
      "type": "google_compute_shared_vpc_service_project",
      "name": "shared_vpc_attachment",
      "provider": "provider[\"registry.terraform.io/hashicorp/google-beta\"]",
      "instances": []
    },
    {
      "module": "module.vpc-prod-vb830-yw401.module.project-factory",
      "mode": "managed",
      "type": "google_project",
      "name": "main",
      "provider": "provider[\"registry.terraform.io/hashicorp/google\"]",
      "instances": [
        {
          "status": "tainted",
          "schema_version": 1,
          "attributes": {
            "auto_create_network": false,
            "billing_account": "",
            "folder_id": "425268816293",
            "id": "projects/vpc-prod-vb830-yw401",
            "labels": null,
            "name": "vpc-host-prod",
            "number": null,
            "org_id": null,
            "project_id": "vpc-prod-vb830-yw401",
            "skip_delete": null,
            "timeouts": null
          },
          "sensitive_attributes": [],
          "private": "eyJlMmJmYjczMC1lY2FhLTExZTYtOGY4OC0zNDM2M2JjN2M0YzAiOnsiY3JlYXRlIjo2MDAwMDAwMDAwMDAsImRlbGV0ZSI6NjAwMDAwMDAwMDAwLCJyZWFkIjo2MDAwMDAwMDAwMDAsInVwZGF0ZSI6NjAwMDAwMDAwMDAwfSwic2NoZW1hX3ZlcnNpb24iOiIxIn0=",
          "dependencies": [
            "google_folder.shared",
            "module.vpc-prod-vb830-yw401.module.project-factory.random_id.random_project_id_suffix"
          ]
        }
      ]
    },
    {
      "module": "module.vpc-prod-vb830-yw401.module.project-factory",
      "mode": "managed",
      "type": "google_project_default_service_accounts",
      "name": "default_service_accounts",
      "provider": "provider[\"registry.terraform.io/hashicorp/google\"]",
      "instances": []
    },
    {
      "module": "module.vpc-prod-vb830-yw401.module.project-factory",
      "mode": "managed",
      "type": "google_service_account",
      "name": "default_service_account",
      "provider": "provider[\"registry.terraform.io/hashicorp/google\"]",
      "instances": []
    },
    {
      "module": "module.vpc-prod-vb830-yw401.module.project-factory",
      "mode": "managed",
      "type": "random_id",
      "name": "random_project_id_suffix",
      "provider": "provider[\"registry.terraform.io/hashicorp/random\"]",
      "instances": [
        {
          "schema_version": 0,
          "attributes": {
            "b64_std": "NXg=",
            "b64_url": "NXg",
            "byte_length": 2,
            "dec": "13688",
            "hex": "3578",
            "id": "NXg",
            "keepers": null,
            "prefix": null
          },
          "sensitive_attributes": [],
          "private": "bnVsbA=="
        }
      ]
    },
    {
      "module": "module.vpc-prod-vb830-yw401.module.project-factory.module.project_services",
      "mode": "managed",
      "type": "google_project_service",
      "name": "project_services",
      "provider": "provider[\"registry.terraform.io/hashicorp/google\"]",
      "instances": []
    },
    {
      "module": "module.vpc-prod-vb830-yw401.module.project-factory.module.project_services",
      "mode": "managed",
      "type": "google_project_service_identity",
      "name": "project_service_identities",
      "provider": "provider[\"registry.terraform.io/hashicorp/google-beta\"]",
      "instances": []
    }
  ]
}
